
Microsoft Visual Studio Solution File, Format Version 12.00
# Visual Studio 2012
Project("{FAE04EC0-301F-11D3-BF4B-00C04F79EFBC}") = "Solutions", "Solutions\Solutions.csproj", "{EEF16B28-CACF-49CF-93E7-C3EF77582044}"
EndProject
Project("{FAE04EC0-301F-11D3-BF4B-00C04F79EFBC}") = "Tests", "Tests\Tests.csproj", "{D3EF492E-9FC6-4EEF-ABAC-E2E552150600}"
EndProject
Global
	GlobalSection(SolutionConfigurationPlatforms) = preSolution
		Debug|Any CPU = Debug|Any CPU
		Release|Any CPU = Release|Any CPU
	EndGlobalSection
	GlobalSection(ProjectConfigurationPlatforms) = postSolution
		{EEF16B28-CACF-49CF-93E7-C3EF77582044}.Debug|Any CPU.ActiveCfg = Debug|Any CPU
		{EEF16B28-CACF-49CF-93E7-C3EF77582044}.Debug|Any CPU.Build.0 = Debug|Any CPU
		{EEF16B28-CACF-49CF-93E7-C3EF77582044}.Release|Any CPU.ActiveCfg = Release|Any CPU
		{EEF16B28-CACF-49CF-93E7-C3EF77582044}.Release|Any CPU.Build.0 = Release|Any CPU
		{D3EF492E-9FC6-4EEF-ABAC-E2E552150600}.Debug|Any CPU.ActiveCfg = Debug|Any CPU
		{D3EF492E-9FC6-4EEF-ABAC-E2E552150600}.Debug|Any CPU.Build.0 = Debug|Any CPU
		{D3EF492E-9FC6-4EEF-ABAC-E2E552150600}.Release|Any CPU.ActiveCfg = Release|Any CPU
		{D3EF492E-9FC6-4EEF-ABAC-E2E552150600}.Release|Any CPU.Build.0 = Release|Any CPU
	EndGlobalSection
	GlobalSection(SolutionProperties) = preSolution
		HideSolutionNode = FALSE
	EndGlobalSection
EndGlobal
